// !$*UTF8*$!
{
	archiveVersion = 1;
	classes = {
	};
	objectVersion = 46;
	objects = {

/* Begin PBXBuildFile section */
		9EE9F34616448BE100F06FD6 /* UIKit.framework in Frameworks */ = {isa = PBXBuildFile; fileRef = 9EE9F34516448BE100F06FD6 /* UIKit.framework */; };
		9EE9F34816448BE100F06FD6 /* Foundation.framework in Frameworks */ = {isa = PBXBuildFile; fileRef = 9EE9F34716448BE100F06FD6 /* Foundation.framework */; };
		9EE9F34A16448BE100F06FD6 /* CoreGraphics.framework in Frameworks */ = {isa = PBXBuildFile; fileRef = 9EE9F34916448BE100F06FD6 /* CoreGraphics.framework */; };
		9EE9F35016448BE100F06FD6 /* InfoPlist.strings in Resources */ = {isa = PBXBuildFile; fileRef = 9EE9F34E16448BE100F06FD6 /* InfoPlist.strings */; };
		9EE9F35216448BE100F06FD6 /* main.m in Sources */ = {isa = PBXBuildFile; fileRef = 9EE9F35116448BE100F06FD6 /* main.m */; };
		9EE9F35616448BE100F06FD6 /* EHIAppDelegate.m in Sources */ = {isa = PBXBuildFile; fileRef = 9EE9F35516448BE100F06FD6 /* EHIAppDelegate.m */; };
		9EE9F35F16448CEB00F06FD6 /* EHIAuthViewController.m in Sources */ = {isa = PBXBuildFile; fileRef = 9EE9F35E16448CEB00F06FD6 /* EHIAuthViewController.m */; };
		9EE9F36316448DFE00F06FD6 /* iPhoneBk.png in Resources */ = {isa = PBXBuildFile; fileRef = 9EE9F36116448DFE00F06FD6 /* iPhoneBk.png */; };
		9EE9F36416448DFE00F06FD6 /* iPhoneBk@2x.png in Resources */ = {isa = PBXBuildFile; fileRef = 9EE9F36216448DFE00F06FD6 /* iPhoneBk@2x.png */; };
		9EE9F36616448E1C00F06FD6 /* EHIAuthViewController.xib in Resources */ = {isa = PBXBuildFile; fileRef = 9EE9F36516448E1C00F06FD6 /* EHIAuthViewController.xib */; };
/* End PBXBuildFile section */

/* Begin PBXFileReference section */
		9EE9F34116448BE100F06FD6 /* EXIFHost iOS.app */ = {isa = PBXFileReference; explicitFileType = wrapper.application; includeInIndex = 0; path = "EXIFHost iOS.app"; sourceTree = BUILT_PRODUCTS_DIR; };
		9EE9F34516448BE100F06FD6 /* UIKit.framework */ = {isa = PBXFileReference; lastKnownFileType = wrapper.framework; name = UIKit.framework; path = System/Library/Frameworks/UIKit.framework; sourceTree = SDKROOT; };
		9EE9F34716448BE100F06FD6 /* Foundation.framework */ = {isa = PBXFileReference; lastKnownFileType = wrapper.framework; name = Foundation.framework; path = System/Library/Frameworks/Foundation.framework; sourceTree = SDKROOT; };
		9EE9F34916448BE100F06FD6 /* CoreGraphics.framework */ = {isa = PBXFileReference; lastKnownFileType = wrapper.framework; name = CoreGraphics.framework; path = System/Library/Frameworks/CoreGraphics.framework; sourceTree = SDKROOT; };
		9EE9F34D16448BE100F06FD6 /* EXIFHost iOS-Info.plist */ = {isa = PBXFileReference; lastKnownFileType = text.plist.xml; path = "EXIFHost iOS-Info.plist"; sourceTree = "<group>"; };
		9EE9F34F16448BE100F06FD6 /* en */ = {isa = PBXFileReference; lastKnownFileType = text.plist.strings; name = en; path = en.lproj/InfoPlist.strings; sourceTree = "<group>"; };
		9EE9F35116448BE100F06FD6 /* main.m */ = {isa = PBXFileReference; lastKnownFileType = sourcecode.c.objc; path = main.m; sourceTree = "<group>"; };
		9EE9F35316448BE100F06FD6 /* EXIFHost iOS-Prefix.pch */ = {isa = PBXFileReference; lastKnownFileType = sourcecode.c.h; path = "EXIFHost iOS-Prefix.pch"; sourceTree = "<group>"; };
		9EE9F35416448BE100F06FD6 /* EHIAppDelegate.h */ = {isa = PBXFileReference; lastKnownFileType = sourcecode.c.h; path = EHIAppDelegate.h; sourceTree = "<group>"; };
		9EE9F35516448BE100F06FD6 /* EHIAppDelegate.m */ = {isa = PBXFileReference; lastKnownFileType = sourcecode.c.objc; path = EHIAppDelegate.m; sourceTree = "<group>"; };
		9EE9F35D16448CEB00F06FD6 /* EHIAuthViewController.h */ = {isa = PBXFileReference; fileEncoding = 4; lastKnownFileType = sourcecode.c.h; path = EHIAuthViewController.h; sourceTree = "<group>"; };
		9EE9F35E16448CEB00F06FD6 /* EHIAuthViewController.m */ = {isa = PBXFileReference; fileEncoding = 4; lastKnownFileType = sourcecode.c.objc; path = EHIAuthViewController.m; sourceTree = "<group>"; };
		9EE9F36116448DFE00F06FD6 /* iPhoneBk.png */ = {isa = PBXFileReference; lastKnownFileType = image.png; path = iPhoneBk.png; sourceTree = "<group>"; };
		9EE9F36216448DFE00F06FD6 /* iPhoneBk@2x.png */ = {isa = PBXFileReference; lastKnownFileType = image.png; path = "iPhoneBk@2x.png"; sourceTree = "<group>"; };
		9EE9F36516448E1C00F06FD6 /* EHIAuthViewController.xib */ = {isa = PBXFileReference; fileEncoding = 4; lastKnownFileType = file.xib; path = EHIAuthViewController.xib; sourceTree = "<group>"; };
/* End PBXFileReference section */

/* Begin PBXFrameworksBuildPhase section */
		9EE9F33E16448BE100F06FD6 /* Frameworks */ = {
			isa = PBXFrameworksBuildPhase;
			buildActionMask = 2147483647;
			files = (
				9EE9F34616448BE100F06FD6 /* UIKit.framework in Frameworks */,
				9EE9F34816448BE100F06FD6 /* Foundation.framework in Frameworks */,
				9EE9F34A16448BE100F06FD6 /* CoreGraphics.framework in Frameworks */,
			);
			runOnlyForDeploymentPostprocessing = 0;
		};
/* End PBXFrameworksBuildPhase section */

/* Begin PBXGroup section */
		9EE9F33616448BE100F06FD6 = {
			isa = PBXGroup;
			children = (
				9EE9F34B16448BE100F06FD6 /* EXIFHost iOS */,
				9EE9F34416448BE100F06FD6 /* Frameworks */,
				9EE9F34216448BE100F06FD6 /* Products */,
			);
			sourceTree = "<group>";
		};
		9EE9F34216448BE100F06FD6 /* Products */ = {
			isa = PBXGroup;
			children = (
				9EE9F34116448BE100F06FD6 /* EXIFHost iOS.app */,
			);
			name = Products;
			sourceTree = "<group>";
		};
		9EE9F34416448BE100F06FD6 /* Frameworks */ = {
			isa = PBXGroup;
			children = (
				9EE9F34516448BE100F06FD6 /* UIKit.framework */,
				9EE9F34716448BE100F06FD6 /* Foundation.framework */,
				9EE9F34916448BE100F06FD6 /* CoreGraphics.framework */,
			);
			name = Frameworks;
			sourceTree = "<group>";
		};
		9EE9F34B16448BE100F06FD6 /* EXIFHost iOS */ = {
			isa = PBXGroup;
			children = (
				9EE9F35416448BE100F06FD6 /* EHIAppDelegate.h */,
				9EE9F35516448BE100F06FD6 /* EHIAppDelegate.m */,
				9EE9F36016448DF000F06FD6 /* Graphic Assets */,
				9EE9F34C16448BE100F06FD6 /* Supporting Files */,
				9EE9F35C16448C6B00F06FD6 /* View Controllers */,
			);
			path = "EXIFHost iOS";
			sourceTree = "<group>";
		};
		9EE9F34C16448BE100F06FD6 /* Supporting Files */ = {
			isa = PBXGroup;
			children = (
				9EE9F34D16448BE100F06FD6 /* EXIFHost iOS-Info.plist */,
				9EE9F34E16448BE100F06FD6 /* InfoPlist.strings */,
				9EE9F35116448BE100F06FD6 /* main.m */,
				9EE9F35316448BE100F06FD6 /* EXIFHost iOS-Prefix.pch */,
			);
			name = "Supporting Files";
			sourceTree = "<group>";
		};
		9EE9F35C16448C6B00F06FD6 /* View Controllers */ = {
			isa = PBXGroup;
			children = (
				9EE9F35D16448CEB00F06FD6 /* EHIAuthViewController.h */,
				9EE9F35E16448CEB00F06FD6 /* EHIAuthViewController.m */,
				9EE9F36516448E1C00F06FD6 /* EHIAuthViewController.xib */,
			);
			name = "View Controllers";
			sourceTree = "<group>";
		};
		9EE9F36016448DF000F06FD6 /* Graphic Assets */ = {
			isa = PBXGroup;
			children = (
				9EE9F36116448DFE00F06FD6 /* iPhoneBk.png */,
				9EE9F36216448DFE00F06FD6 /* iPhoneBk@2x.png */,
			);
			name = "Graphic Assets";
			sourceTree = "<group>";
		};
/* End PBXGroup section */

/* Begin PBXNativeTarget section */
		9EE9F34016448BE100F06FD6 /* EXIFHost iOS */ = {
			isa = PBXNativeTarget;
			buildConfigurationList = 9EE9F35916448BE200F06FD6 /* Build configuration list for PBXNativeTarget "EXIFHost iOS" */;
			buildPhases = (
				9EE9F33D16448BE100F06FD6 /* Sources */,
				9EE9F33E16448BE100F06FD6 /* Frameworks */,
				9EE9F33F16448BE100F06FD6 /* Resources */,
			);
			buildRules = (
			);
			dependencies = (
			);
			name = "EXIFHost iOS";
			productName = "EXIFHost iOS";
			productReference = 9EE9F34116448BE100F06FD6 /* EXIFHost iOS.app */;
			productType = "com.apple.product-type.application";
		};
/* End PBXNativeTarget section */

/* Begin PBXProject section */
		9EE9F33816448BE100F06FD6 /* Project object */ = {
			isa = PBXProject;
			attributes = {
				CLASSPREFIX = EHI;
				LastUpgradeCheck = 0440;
				ORGANIZATIONNAME = EXIFHost;
			};
			buildConfigurationList = 9EE9F33B16448BE100F06FD6 /* Build configuration list for PBXProject "EXIFHost iOS" */;
			compatibilityVersion = "Xcode 3.2";
			developmentRegion = English;
			hasScannedForEncodings = 0;
			knownRegions = (
				en,
			);
			mainGroup = 9EE9F33616448BE100F06FD6;
			productRefGroup = 9EE9F34216448BE100F06FD6 /* Products */;
			projectDirPath = "";
			projectRoot = "";
			targets = (
				9EE9F34016448BE100F06FD6 /* EXIFHost iOS */,
			);
		};
/* End PBXProject section */

/* Begin PBXResourcesBuildPhase section */
		9EE9F33F16448BE100F06FD6 /* Resources */ = {
			isa = PBXResourcesBuildPhase;
			buildActionMask = 2147483647;
			files = (
				9EE9F35016448BE100F06FD6 /* InfoPlist.strings in Resources */,
				9EE9F36316448DFE00F06FD6 /* iPhoneBk.png in Resources */,
				9EE9F36416448DFE00F06FD6 /* iPhoneBk@2x.png in Resources */,
				9EE9F36616448E1C00F06FD6 /* EHIAuthViewController.xib in Resources */,
			);
			runOnlyForDeploymentPostprocessing = 0;
		};
/* End PBXResourcesBuildPhase section */

/* Begin PBXSourcesBuildPhase section */
		9EE9F33D16448BE100F06FD6 /* Sources */ = {
			isa = PBXSourcesBuildPhase;
			buildActionMask = 2147483647;
			files = (
				9EE9F35216448BE100F06FD6 /* main.m in Sources */,
				9EE9F35616448BE100F06FD6 /* EHIAppDelegate.m in Sources */,
				9EE9F35F16448CEB00F06FD6 /* EHIAuthViewController.m in Sources */,
			);
			runOnlyForDeploymentPostprocessing = 0;
		};
/* End PBXSourcesBuildPhase section */

/* Begin PBXVariantGroup section */
		9EE9F34E16448BE100F06FD6 /* InfoPlist.strings */ = {
			isa = PBXVariantGroup;
			children = (
				9EE9F34F16448BE100F06FD6 /* en */,
			);
			name = InfoPlist.strings;
			sourceTree = "<group>";
		};
/* End PBXVariantGroup section */

/* Begin XCBuildConfiguration section */
		9EE9F35716448BE200F06FD6 /* Debug */ = {
			isa = XCBuildConfiguration;
			buildSettings = {
				ALWAYS_SEARCH_USER_PATHS = NO;
				ARCHS = "$(ARCHS_STANDARD_32_BIT)";
				CLANG_CXX_LANGUAGE_STANDARD = "gnu++0x";
				CLANG_WARN__DUPLICATE_METHOD_MATCH = YES;
				"CODE_SIGN_IDENTITY[sdk=iphoneos*]" = "iPhone Developer";
				COPY_PHASE_STRIP = NO;
				GCC_C_LANGUAGE_STANDARD = gnu99;
				GCC_DYNAMIC_NO_PIC = NO;
				GCC_OPTIMIZATION_LEVEL = 0;
				GCC_PREPROCESSOR_DEFINITIONS = (
					"DEBUG=1",
					"$(inherited)",
				);
				GCC_SYMBOLS_PRIVATE_EXTERN = NO;
				GCC_VERSION = com.apple.compilers.llvm.clang.1_0;
				GCC_WARN_ABOUT_RETURN_TYPE = YES;
				GCC_WARN_UNINITIALIZED_AUTOS = YES;
				GCC_WARN_UNUSED_VARIABLE = YES;
				IPHONEOS_DEPLOYMENT_TARGET = 5.1;
				SDKROOT = iphoneos;
			};
			name = Debug;
		};
		9EE9F35816448BE200F06FD6 /* Release */ = {
			isa = XCBuildConfiguration;
			buildSettings = {
				ALWAYS_SEARCH_USER_PATHS = NO;
				ARCHS = "$(ARCHS_STANDARD_32_BIT)";
				CLANG_CXX_LANGUAGE_STANDARD = "gnu++0x";
				CLANG_WARN__DUPLICATE_METHOD_MATCH = YES;
				"CODE_SIGN_IDENTITY[sdk=iphoneos*]" = "iPhone Developer";
				COPY_PHASE_STRIP = YES;
				GCC_C_LANGUAGE_STANDARD = gnu99;
				GCC_VERSION = com.apple.compilers.llvm.clang.1_0;
				GCC_WARN_ABOUT_RETURN_TYPE = YES;
				GCC_WARN_UNINITIALIZED_AUTOS = YES;
				GCC_WARN_UNUSED_VARIABLE = YES;
				IPHONEOS_DEPLOYMENT_TARGET = 5.1;
				OTHER_CFLAGS = "-DNS_BLOCK_ASSERTIONS=1";
				SDKROOT = iphoneos;
				VALIDATE_PRODUCT = YES;
			};
			name = Release;
		};
		9EE9F35A16448BE200F06FD6 /* Debug */ = {
			isa = XCBuildConfiguration;
			buildSettings = {
				GCC_PRECOMPILE_PREFIX_HEADER = YES;
				GCC_PREFIX_HEADER = "EXIFHost iOS/EXIFHost iOS-Prefix.pch";
				INFOPLIST_FILE = "EXIFHost iOS/EXIFHost iOS-Info.plist";
				IPHONEOS_DEPLOYMENT_TARGET = 3.0;
				PRODUCT_NAME = "$(TARGET_NAME)";
				WRAPPER_EXTENSION = app;
			};
			name = Debug;
		};
		9EE9F35B16448BE200F06FD6 /* Release */ = {
			isa = XCBuildConfiguration;
			buildSettings = {
				GCC_PRECOMPILE_PREFIX_HEADER = YES;
				GCC_PREFIX_HEADER = "EXIFHost iOS/EXIFHost iOS-Prefix.pch";
				INFOPLIST_FILE = "EXIFHost iOS/EXIFHost iOS-Info.plist";
				IPHONEOS_DEPLOYMENT_TARGET = 3.0;
				PRODUCT_NAME = "$(TARGET_NAME)";
				WRAPPER_EXTENSION = app;
			};
			name = Release;
		};
/* End XCBuildConfiguration section */

/* Begin XCConfigurationList section */
		9EE9F33B16448BE100F06FD6 /* Build configuration list for PBXProject "EXIFHost iOS" */ = {
			isa = XCConfigurationList;
			buildConfigurations = (
				9EE9F35716448BE200F06FD6 /* Debug */,
				9EE9F35816448BE200F06FD6 /* Release */,
			);
			defaultConfigurationIsVisible = 0;
			defaultConfigurationName = Release;
		};
		9EE9F35916448BE200F06FD6 /* Build configuration list for PBXNativeTarget "EXIFHost iOS" */ = {
			isa = XCConfigurationList;
			buildConfigurations = (
				9EE9F35A16448BE200F06FD6 /* Debug */,
				9EE9F35B16448BE200F06FD6 /* Release */,
			);
			defaultConfigurationIsVisible = 0;
		};
/* End XCConfigurationList section */
	};
	rootObject = 9EE9F33816448BE100F06FD6 /* Project object */;
}
